
Microsoft Visual Studio Solution File, Format Version 12.00
# Visual Studio Version 16
VisualStudioVersion = 16.0.28803.156
MinimumVisualStudioVersion = 10.0.40219.1
Project("{FAE04EC0-301F-11D3-BF4B-00C04F79EFBC}") = "ConsoleCopyTrade", "ConsoleCopyTrade\ConsoleCopyTrade.csproj", "{286FB73E-7991-4B6B-8182-302A915F542F}"
EndProject
Global
	GlobalSection(SolutionConfigurationPlatforms) = preSolution
		Debug|Any CPU = Debug|Any CPU
		Release|Any CPU = Release|Any CPU
	EndGlobalSection
	GlobalSection(ProjectConfigurationPlatforms) = postSolution
		{286FB73E-7991-4B6B-8182-302A915F542F}.Debug|Any CPU.ActiveCfg = Debug|Any CPU
		{286FB73E-7991-4B6B-8182-302A915F542F}.Debug|Any CPU.Build.0 = Debug|Any CPU
		{286FB73E-7991-4B6B-8182-302A915F542F}.Release|Any CPU.ActiveCfg = Release|Any CPU
		{286FB73E-7991-4B6B-8182-302A915F542F}.Release|Any CPU.Build.0 = Release|Any CPU
	EndGlobalSection
	GlobalSection(SolutionProperties) = preSolution
		HideSolutionNode = FALSE
	EndGlobalSection
	GlobalSection(ExtensibilityGlobals) = postSolution
		SolutionGuid = {9B803A65-BA74-44AB-92F4-2D0925256D14}
	EndGlobalSection
EndGlobal
